
Microsoft Visual Studio Solution File, Format Version 12.00
# Visual Studio 15
VisualStudioVersion = 15.0.27004.2005
MinimumVisualStudioVersion = 10.0.40219.1
Project("{2150E333-8FDC-42A3-9474-1A3956D46DE8}") = "DP", "DP", "{37D6FFCE-F9D6-4E67-935C-E2FE1E17229B}"
EndProject
Project("{FAE04EC0-301F-11D3-BF4B-00C04F79EFBC}") = "MaxSumSubarrayProblems", "MaxSumSubarrayProblems\MaxSumSubarrayProblems.csproj", "{CB5B6C8C-AAF0-41B6-86A6-05F8C85B7853}"
EndProject
Global
	GlobalSection(SolutionConfigurationPlatforms) = preSolution
		Debug|Any CPU = Debug|Any CPU
		Release|Any CPU = Release|Any CPU
	EndGlobalSection
	GlobalSection(ProjectConfigurationPlatforms) = postSolution
		{CB5B6C8C-AAF0-41B6-86A6-05F8C85B7853}.Debug|Any CPU.ActiveCfg = Debug|Any CPU
		{CB5B6C8C-AAF0-41B6-86A6-05F8C85B7853}.Debug|Any CPU.Build.0 = Debug|Any CPU
		{CB5B6C8C-AAF0-41B6-86A6-05F8C85B7853}.Release|Any CPU.ActiveCfg = Release|Any CPU
		{CB5B6C8C-AAF0-41B6-86A6-05F8C85B7853}.Release|Any CPU.Build.0 = Release|Any CPU
	EndGlobalSection
	GlobalSection(SolutionProperties) = preSolution
		HideSolutionNode = FALSE
	EndGlobalSection
	GlobalSection(NestedProjects) = preSolution
		{CB5B6C8C-AAF0-41B6-86A6-05F8C85B7853} = {37D6FFCE-F9D6-4E67-935C-E2FE1E17229B}
	EndGlobalSection
	GlobalSection(ExtensibilityGlobals) = postSolution
		SolutionGuid = {5FD8CBD0-757E-4264-A3E7-FF78457C7461}
	EndGlobalSection
EndGlobal
